
Microsoft Visual Studio Solution File, Format Version 12.00
# Visual Studio 14
VisualStudioVersion = 14.0.24720.0
MinimumVisualStudioVersion = 10.0.40219.1
Project("{151D2E53-A2C4-4D7D-83FE-D05416EBD58E}") = "NG Secure Endpoint - 1nic 1box", "NG Secure Endpoint - 1nic 1box\NG Secure Endpoint - 1nic 1box.deployproj", "{C265B60C-760A-4D1C-BEA9-0C9B29545085}"
EndProject
Global
	GlobalSection(SolutionConfigurationPlatforms) = preSolution
		Debug|Any CPU = Debug|Any CPU
		Release|Any CPU = Release|Any CPU
	EndGlobalSection
	GlobalSection(ProjectConfigurationPlatforms) = postSolution
		{C265B60C-760A-4D1C-BEA9-0C9B29545085}.Debug|Any CPU.ActiveCfg = Debug|Any CPU
		{C265B60C-760A-4D1C-BEA9-0C9B29545085}.Debug|Any CPU.Build.0 = Debug|Any CPU
		{C265B60C-760A-4D1C-BEA9-0C9B29545085}.Release|Any CPU.ActiveCfg = Release|Any CPU
		{C265B60C-760A-4D1C-BEA9-0C9B29545085}.Release|Any CPU.Build.0 = Release|Any CPU
	EndGlobalSection
	GlobalSection(SolutionProperties) = preSolution
		HideSolutionNode = FALSE
	EndGlobalSection
EndGlobal
